github.com/BurntSushi/toml v1.4.0 h1:kuoIxZQy2WRRk1pttg9asf+WVv6tWQuBNVmK8+nqPr0=
github.com/BurntSushi/toml v1.4.0/go.mod h1:ukJfTF/6rtPPRCnwkur4qwRxa8vTRFBF0uk2lLoLwho=
github.com/labulakalia/plugin_api v0.0.2 h1:9277iL+yM72EoJZ3JBeA2FOu9eDMTx92pemPg+JTHZw=
github.com/labulakalia/plugin_api v0.0.2/go.mod h1:GSltjiDr3Mauqi8EpMVLNpZQusdKlxC6QBcl9I600+k=
github.com/labulakalia/wazero_net v0.0.5 h1:oVK6aVSklnzg3FayQv+hNedo7CTsljPEAYkNkv5d0q4=
github.com/labulakalia/wazero_net v0.0.5/go.mod h1:XtAEu/S85mXNv9Q7EcO5Oa+pSyikv1+4+qNIty6EqN4=
