github.com/BurntSushi/toml v1.4.0 h1:kuoIxZQy2WRRk1pttg9asf+WVv6tWQuBNVmK8+nqPr0=
github.com/BurntSushi/toml v1.4.0/go.mod h1:ukJfTF/6rtPPRCnwkur4qwRxa8vTRFBF0uk2lLoLwho=
github.com/labulakalia/plugin_api v0.0.2 h1:9277iL+yM72EoJZ3JBeA2FOu9eDMTx92pemPg+JTHZw=
github.com/labulakalia/plugin_api v0.0.2/go.mod h1:GSltjiDr3Mauqi8EpMVLNpZQusdKlxC6QBcl9I600+k=
github.com/labulakalia/plugin_api v0.0.4 h1:LLjgyaw0GEXirSJSW7+Sotcclfqq4UU6ElGLnS8NDN8=
github.com/labulakalia/plugin_api v0.0.4/go.mod h1:oG2BHtSAUAOnzUagpL9mSuUTtzdJX203LHsf/Gz6P3o=
github.com/labulakalia/plugin_api v0.0.5 h1:Nna2W+0Q6dp2ZYzBS8eELlCiVbnY54LD9M3me5V3TNo=
github.com/labulakalia/plugin_api v0.0.5/go.mod h1:oG2BHtSAUAOnzUagpL9mSuUTtzdJX203LHsf/Gz6P3o=
github.com/labulakalia/wazero_net v0.0.5 h1:oVK6aVSklnzg3FayQv+hNedo7CTsljPEAYkNkv5d0q4=
github.com/labulakalia/wazero_net v0.0.5/go.mod h1:XtAEu/S85mXNv9Q7EcO5Oa+pSyikv1+4+qNIty6EqN4=
google.golang.org/protobuf v1.36.3 h1:82DV7MYdb8anAVi3qge1wSnMDrnKK7ebr+I0hHRN1BU=
google.golang.org/protobuf v1.36.3/go.mod h1:9fA7Ob0pmnwhb644+1+CVWFRbNajQ6iRojtC/QF5bRE=
